
Microsoft Visual Studio Solution File, Format Version 12.00
# Visual Studio Version 17
VisualStudioVersion = 17.0.32112.339
MinimumVisualStudioVersion = 10.0.40219.1
Project("{FAE04EC0-301F-11D3-BF4B-00C04F79EFBC}") = "First_Assignment", "First_Assignment.csproj", "{57B33CD9-F122-4199-B1EF-89134C5A552C}"
EndProject
Global
	GlobalSection(SolutionConfigurationPlatforms) = preSolution
		Debug|Any CPU = Debug|Any CPU
		Release|Any CPU = Release|Any CPU
	EndGlobalSection
	GlobalSection(ProjectConfigurationPlatforms) = postSolution
		{57B33CD9-F122-4199-B1EF-89134C5A552C}.Debug|Any CPU.ActiveCfg = Debug|Any CPU
		{57B33CD9-F122-4199-B1EF-89134C5A552C}.Debug|Any CPU.Build.0 = Debug|Any CPU
		{57B33CD9-F122-4199-B1EF-89134C5A552C}.Release|Any CPU.ActiveCfg = Release|Any CPU
		{57B33CD9-F122-4199-B1EF-89134C5A552C}.Release|Any CPU.Build.0 = Release|Any CPU
	EndGlobalSection
	GlobalSection(SolutionProperties) = preSolution
		HideSolutionNode = FALSE
	EndGlobalSection
	GlobalSection(ExtensibilityGlobals) = postSolution
		SolutionGuid = {6205D9E4-E34C-47A3-AA38-8D988D311BF8}
	EndGlobalSection
EndGlobal
